hash: 1102a980bae4d4ac329c79776aa0108379db1b6f533c076763605de454f17081
updated: 2016-02-24T16:49:17.652825084+01:00
imports:
- name: github.com/kardianos/osext
  version: 10da29423eb9a6269092eebdc2be32209612d9d2
- name: github.com/kardianos/service
  version: 2954cfdd7b0c8ab45ef2aa22a44b5f086201836f
- name: github.com/pborman/uuid
  version: c55201b036063326c5b1b89ccfe45a184973d073
- name: github.com/rakyll/globalconf
  version: 415abc325023f1a00cd2d9fa512e0e71745791a2
- name: github.com/rakyll/goini
  version: 907cca0f578a5316fb864ec6992dc3d9730ec58c
- name: github.com/Sirupsen/logrus
  version: 446d1c146faa8ed3f4218f056fcd165f6bcfda81
- name: golang.org/x/sys
  version: 833a04a10549a95dc34458c195cbad61bbb6cb4d
  subpackages:
  - windows
- name: gopkg.in/jmcvetta/napping.v3
  version: 58e2b10cc328913a6d3478dfa4546395c71ada81
devImports: []
