hash: 0c7ed2cb77767784aad107aea371477d1103eb9da7675e0e48c19e6cc465ca41
updated: 2016-05-23T16:33:15.862618603+02:00
imports:
- name: github.com/kardianos/osext
  version: 10da29423eb9a6269092eebdc2be32209612d9d2
- name: github.com/kardianos/service
  version: 2954cfdd7b0c8ab45ef2aa22a44b5f086201836f
- name: github.com/pborman/uuid
  version: c55201b036063326c5b1b89ccfe45a184973d073
- name: github.com/rakyll/goini
  version: 907cca0f578a5316fb864ec6992dc3d9730ec58c
- name: github.com/Sirupsen/logrus
  version: 446d1c146faa8ed3f4218f056fcd165f6bcfda81
  subpackages:
  - hooks/syslog
- name: github.com/urso/ucfg
  version: 30b040c279a4e6c83ded5cb44403a5c6fcd64e8d
  subpackages:
  - yaml
- name: golang.org/x/sys
  version: 833a04a10549a95dc34458c195cbad61bbb6cb4d
  subpackages:
  - windows
  - windows/registry
  - windows/svc
  - windows/svc/eventlog
  - windows/svc/mgr
  - unix
- name: gopkg.in/yaml.v2
  version: a83829b6f1293c91addabc89d0571c246397bbf4
devImports: []
