hash: c70cca95f85e18a8b9cc7ff6f31ddb03e92c88868a56f2b4b791a1bf6965131a
updated: 2016-06-16T12:17:30.371819795+02:00
imports:
- name: bitbucket.org/tebeka/strftime
  version: 2194253a23c0
- name: github.com/cloudfoundry/gosigar
  version: c32d31af94b0e9d3b2877e49c1a581ad5a793343
- name: github.com/kardianos/osext
  version: 10da29423eb9a6269092eebdc2be32209612d9d2
- name: github.com/kardianos/service
  version: 6a55aece86cb1cf31706b300854a30d89af9682f
- name: github.com/lestrrat/go-file-rotatelogs
  version: bb1d28fd5ac7ec9873540d5bba975d009f271f67
- name: github.com/pborman/uuid
  version: c55201b036063326c5b1b89ccfe45a184973d073
- name: github.com/rakyll/goini
  version: 907cca0f578a5316fb864ec6992dc3d9730ec58c
- name: github.com/Sirupsen/logrus
  version: 446d1c146faa8ed3f4218f056fcd165f6bcfda81
  subpackages:
  - hooks/syslog
- name: github.com/urso/ucfg
  version: 30b040c279a4e6c83ded5cb44403a5c6fcd64e8d
  subpackages:
  - yaml
- name: golang.org/x/sys
  version: 833a04a10549a95dc34458c195cbad61bbb6cb4d
  subpackages:
  - windows
  - windows/registry
  - windows/svc
  - windows/svc/eventlog
  - windows/svc/mgr
  - unix
- name: gopkg.in/yaml.v2
  version: a83829b6f1293c91addabc89d0571c246397bbf4
devImports: []
