github.com/Sirupsen/logrus v0.11.0 h1:e67CSCQN/h7Iozb0J2qUoCFldk79UIoPL8FbzsW0r0U=
github.com/Sirupsen/logrus v0.11.0/go.mod h1:rmk17hk6i8ZSAJkSDa7nOxamrG+SP4P0mm+DAvExv4U=
github.com/StackExchange/wmi v0.0.0-20160811214555-e54cbda6595d h1:L9ZGqHf7d+ZeQDjVT/qv9WukazHxT+folVGy/xgaIc8=
github.com/StackExchange/wmi v0.0.0-20160811214555-e54cbda6595d/go.mod h1:3eOhrUMpNV+6aFIbp5/iudMxNCF27Vw2OZgy4xEx0Fg=
github.com/docker/go-units v0.3.3 h1:Xk8S3Xj5sLGlG5g67hJmYMmUgXv5N4PhkjJHHqrwnTk=
github.com/docker/go-units v0.3.3/go.mod h1:fgPhTUdO+D/Jk86RDLlptpiXQzgHJF7gydDDbaIK4Dk=
github.com/elastic/go-ucfg v0.6.5 h1:i2Ry5MUSYBNVwqQyKlvnAKyyMQrdQtXpTaIzsJefU84=
github.com/elastic/go-ucfg v0.6.5/go.mod h1:iaiY0NBIYeasNgycLyTvhJftQlQEUO2hpF+FX0JKxzo=
github.com/elastic/gosigar v0.0.0-20160829190344-2716c1fe855e h1:sKoZNPwvcfH2KTANqLAzeRfKrkgmUiGgIfqu0dFdelo=
github.com/elastic/gosigar v0.0.0-20160829190344-2716c1fe855e/go.mod h1:cdorVVzy1fhmEqmtgqkoE3bYtCfSCkVyjTyCIo22xvs=
github.com/flynn-archive/go-shlex v0.0.0-20150515145356-3f9db97f8568 h1:BMXYYRWTLOJKlh+lOBt6nUQgXAfB7oVIQt5cNreqSLI=
github.com/flynn-archive/go-shlex v0.0.0-20150515145356-3f9db97f8568/go.mod h1:rZfgFAXFS/z/lEd6LJmf9HVZ1LkgYiHx5pHhV5DR16M=
github.com/go-ole/go-ole v1.2.1-0.20161116064658-5e9c030faf78 h1:0afyVEbxVeRz0ioQYn+9oDaeveMBXJi7juWqz2newuY=
github.com/go-ole/go-ole v1.2.1-0.20161116064658-5e9c030faf78/go.mod h1:7FAglXiTm7HKlQRDeOQ6ZNUHidzCWXuZWq/1dTyBNF8=
github.com/kardianos/osext v0.0.0-20151124170342-10da29423eb9 h1:/l57iytyQiCkn2MnhrtYWyo+Rrinngfr20jcqeL6H80=
github.com/kardianos/osext v0.0.0-20151124170342-10da29423eb9/go.mod h1:1NbS8ALrpOvjt0rHPNLyCIeMtbizbir8U//inJ+zuB8=
github.com/kardianos/service v0.0.0-20161119210648-6d3a0ee7d342 h1:qs0Bq3RWs0NIJ1W7DwOabM7pQvivSFCtzTl4puKax9g=
github.com/kardianos/service v0.0.0-20161119210648-6d3a0ee7d342/go.mod h1:10UU/bEkzh2iEN6aYzbevY7J6p03KO5siTxQWXMEerg=
github.com/natefinch/lumberjack v2.0.0+incompatible h1:4QJd3OLAMgj7ph+yZTuX13Ld4UpgHp07nNdFX7mqFfM=
github.com/natefinch/lumberjack v2.0.0+incompatible/go.mod h1:Wi9p2TTF5DG5oU+6YfsmYQpsTIOm0B1VNzQg9Mw6nPk=
github.com/pborman/uuid v0.0.0-20160216163710-c55201b03606 h1:/CPgDYrfeK2LMK6xcUhvI17yO9SlpAdDIJGkhDEgO8A=
github.com/pborman/uuid v0.0.0-20160216163710-c55201b03606/go.mod h1:VyrYX9gd7irzKovcSS6BIIEwPRkP2Wm2m9ufcdFSJ34=
github.com/rakyll/goini v0.0.0-20140112234134-907cca0f578a/go.mod h1:1pH5e1EQl4shdpnuDQPO1hEzmk/oXrZrnWENs1lZjCk=
github.com/rifflock/lfshook v0.0.0-20161216150210-24f7833daaff h1:GlqOuLFlLdqOTzvhlKdQZf339Y1Y7P3ORNAYKH1lAXk=
github.com/rifflock/lfshook v0.0.0-20161216150210-24f7833daaff/go.mod h1:GEXHk5HgEKCvEIIrSpFI3ozzG5xOKA2DVlEX/gGnewM=
golang.org/x/sys v0.0.0-20180810173357-98c5dad5d1a0 h1:8H8QZJ30plJyIVj60H3lr8TZGIq2Fh3Cyrs/ZNg1foU=
golang.org/x/sys v0.0.0-20180810173357-98c5dad5d1a0/go.mod h1:STP8DvDyc/dI5b8T5hshtkjS+E42TnysNCUPdjciGhY=
gopkg.in/yaml.v2 v2.0.0-20160301204022-a83829b6f129 h1:RBgb9aPUbZ9nu66ecQNIBNsA7j3mB5h8PNDIfhPjaJg=
gopkg.in/yaml.v2 v2.0.0-20160301204022-a83829b6f129/go.mod h1:JAlM8MvJe8wmxCU4Bli9HhUf9+ttbYbLASfIpnQbh74=
